
Microsoft Visual Studio Solution File, Format Version 12.00
# Visual Studio Version 16
VisualStudioVersion = 16.0.31025.194
MinimumVisualStudioVersion = 10.0.40219.1
Project("{FAE04EC0-301F-11D3-BF4B-00C04F79EFBC}") = "FsreWebService", "FsreWebService\FsreWebService.csproj", "{6F7331CB-EDAF-4DD5-8DE9-DB246896924B}"
EndProject
Global
	GlobalSection(SolutionConfigurationPlatforms) = preSolution
		Debug|Any CPU = Debug|Any CPU
		Release|Any CPU = Release|Any CPU
	EndGlobalSection
	GlobalSection(ProjectConfigurationPlatforms) = postSolution
		{6F7331CB-EDAF-4DD5-8DE9-DB246896924B}.Debug|Any CPU.ActiveCfg = Debug|Any CPU
		{6F7331CB-EDAF-4DD5-8DE9-DB246896924B}.Debug|Any CPU.Build.0 = Debug|Any CPU
		{6F7331CB-EDAF-4DD5-8DE9-DB246896924B}.Release|Any CPU.ActiveCfg = Release|Any CPU
		{6F7331CB-EDAF-4DD5-8DE9-DB246896924B}.Release|Any CPU.Build.0 = Release|Any CPU
	EndGlobalSection
	GlobalSection(SolutionProperties) = preSolution
		HideSolutionNode = FALSE
	EndGlobalSection
	GlobalSection(ExtensibilityGlobals) = postSolution
		SolutionGuid = {D3F83F25-C890-4F10-97D5-B881273FB544}
	EndGlobalSection
EndGlobal
